
Microsoft Visual Studio Solution File, Format Version 12.00
# Visual Studio Version 16
VisualStudioVersion = 25.0.1706.9
MinimumVisualStudioVersion = 10.0.40219.1
Project("{FAE04EC0-301F-11D3-BF4B-00C04F79EFBC}") = "Workaround", "Workaround\Workaround.csproj", "{E4FA1181-07EB-4A4A-A0AB-FA65184ABA2E}"
EndProject
Project("{FAE04EC0-301F-11D3-BF4B-00C04F79EFBC}") = "Entities", "Entities\Entities.csproj", "{00CD9701-3D29-4845-AE76-532EE5741265}"
EndProject
Project("{FAE04EC0-301F-11D3-BF4B-00C04F79EFBC}") = "Business", "Business\Business.csproj", "{1CCFF29B-AD19-4AB3-855A-FA8267DDA32E}"
EndProject
Global
	GlobalSection(SolutionConfigurationPlatforms) = preSolution
		Debug|Any CPU = Debug|Any CPU
		Release|Any CPU = Release|Any CPU
	EndGlobalSection
	GlobalSection(ProjectConfigurationPlatforms) = postSolution
		{E4FA1181-07EB-4A4A-A0AB-FA65184ABA2E}.Debug|Any CPU.ActiveCfg = Debug|Any CPU
		{E4FA1181-07EB-4A4A-A0AB-FA65184ABA2E}.Debug|Any CPU.Build.0 = Debug|Any CPU
		{E4FA1181-07EB-4A4A-A0AB-FA65184ABA2E}.Release|Any CPU.ActiveCfg = Release|Any CPU
		{E4FA1181-07EB-4A4A-A0AB-FA65184ABA2E}.Release|Any CPU.Build.0 = Release|Any CPU
		{00CD9701-3D29-4845-AE76-532EE5741265}.Debug|Any CPU.ActiveCfg = Debug|Any CPU
		{00CD9701-3D29-4845-AE76-532EE5741265}.Debug|Any CPU.Build.0 = Debug|Any CPU
		{00CD9701-3D29-4845-AE76-532EE5741265}.Release|Any CPU.ActiveCfg = Release|Any CPU
		{00CD9701-3D29-4845-AE76-532EE5741265}.Release|Any CPU.Build.0 = Release|Any CPU
		{1CCFF29B-AD19-4AB3-855A-FA8267DDA32E}.Debug|Any CPU.ActiveCfg = Debug|Any CPU
		{1CCFF29B-AD19-4AB3-855A-FA8267DDA32E}.Debug|Any CPU.Build.0 = Debug|Any CPU
		{1CCFF29B-AD19-4AB3-855A-FA8267DDA32E}.Release|Any CPU.ActiveCfg = Release|Any CPU
		{1CCFF29B-AD19-4AB3-855A-FA8267DDA32E}.Release|Any CPU.Build.0 = Release|Any CPU
	EndGlobalSection
	GlobalSection(SolutionProperties) = preSolution
		HideSolutionNode = FALSE
	EndGlobalSection
	GlobalSection(ExtensibilityGlobals) = postSolution
		SolutionGuid = {ACBB4064-8487-4234-BA80-790FC8773057}
	EndGlobalSection
EndGlobal
